// !$*UTF8*$!
{
	archiveVersion = 1;
	classes = {
	};
	objectVersion = 50;
	objects = {

/* Begin PBXBuildFile section */
		553E8E2B209751D9000CC8EE /* AppDelegate.swift in Sources */ = {isa = PBXBuildFile; fileRef = 553E8E2A209751D9000CC8EE /* AppDelegate.swift */; };
		553E8E2D209751D9000CC8EE /* HomeVC.swift in Sources */ = {isa = PBXBuildFile; fileRef = 553E8E2C209751D9000CC8EE /* HomeVC.swift */; };
		553E8E32209751DA000CC8EE /* Assets.xcassets in Resources */ = {isa = PBXBuildFile; fileRef = 553E8E31209751DA000CC8EE /* Assets.xcassets */; };
		553E8E35209751DA000CC8EE /* LaunchScreen.storyboard in Resources */ = {isa = PBXBuildFile; fileRef = 553E8E33209751DA000CC8EE /* LaunchScreen.storyboard */; };
/* End PBXBuildFile section */

/* Begin PBXFileReference section */
		553E8E27209751D9000CC8EE /* Wort des Lebens.app */ = {isa = PBXFileReference; explicitFileType = wrapper.application; includeInIndex = 0; path = "Wort des Lebens.app"; sourceTree = BUILT_PRODUCTS_DIR; };
		553E8E2A209751D9000CC8EE /* AppDelegate.swift */ = {isa = PBXFileReference; lastKnownFileType = sourcecode.swift; path = AppDelegate.swift; sourceTree = "<group>"; };
		553E8E2C209751D9000CC8EE /* HomeVC.swift */ = {isa = PBXFileReference; lastKnownFileType = sourcecode.swift; path = HomeVC.swift; sourceTree = "<group>"; };
		553E8E31209751DA000CC8EE /* Assets.xcassets */ = {isa = PBXFileReference; lastKnownFileType = folder.assetcatalog; path = Assets.xcassets; sourceTree = "<group>"; };
		553E8E34209751DA000CC8EE /* Base */ = {isa = PBXFileReference; lastKnownFileType = file.storyboard; name = Base; path = Base.lproj/LaunchScreen.storyboard; sourceTree = "<group>"; };
		553E8E36209751DA000CC8EE /* Info.plist */ = {isa = PBXFileReference; lastKnownFileType = text.plist.xml; path = Info.plist; sourceTree = "<group>"; };
/* End PBXFileReference section */

/* Begin PBXFrameworksBuildPhase section */
		553E8E24209751D9000CC8EE /* Frameworks */ = {
			isa = PBXFrameworksBuildPhase;
			buildActionMask = 2147483647;
			files = (
			);
			runOnlyForDeploymentPostprocessing = 0;
		};
/* End PBXFrameworksBuildPhase section */

/* Begin PBXGroup section */
		553E8E1E209751D9000CC8EE = {
			isa = PBXGroup;
			children = (
				553E8E29209751D9000CC8EE /* Wort des Lebens */,
				553E8E28209751D9000CC8EE /* Products */,
			);
			sourceTree = "<group>";
		};
		553E8E28209751D9000CC8EE /* Products */ = {
			isa = PBXGroup;
			children = (
				553E8E27209751D9000CC8EE /* Wort des Lebens.app */,
			);
			name = Products;
			sourceTree = "<group>";
		};
		553E8E29209751D9000CC8EE /* Wort des Lebens */ = {
			isa = PBXGroup;
			children = (
				553E8E3F2098E381000CC8EE /* Home */,
				553E8E3E2098E360000CC8EE /* SupportFiles */,
				553E8E36209751DA000CC8EE /* Info.plist */,
			);
			path = "Wort des Lebens";
			sourceTree = "<group>";
		};
		553E8E3E2098E360000CC8EE /* SupportFiles */ = {
			isa = PBXGroup;
			children = (
				553E8E2A209751D9000CC8EE /* AppDelegate.swift */,
				553E8E33209751DA000CC8EE /* LaunchScreen.storyboard */,
				553E8E31209751DA000CC8EE /* Assets.xcassets */,
			);
			path = SupportFiles;
			sourceTree = "<group>";
		};
		553E8E3F2098E381000CC8EE /* Home */ = {
			isa = PBXGroup;
			children = (
				553E8E402098E396000CC8EE /* Model */,
				553E8E412098E39C000CC8EE /* View */,
				553E8E422098E3A8000CC8EE /* Controller */,
			);
			path = Home;
			sourceTree = "<group>";
		};
		553E8E402098E396000CC8EE /* Model */ = {
			isa = PBXGroup;
			children = (
			);
			path = Model;
			sourceTree = "<group>";
		};
		553E8E412098E39C000CC8EE /* View */ = {
			isa = PBXGroup;
			children = (
			);
			path = View;
			sourceTree = "<group>";
		};
		553E8E422098E3A8000CC8EE /* Controller */ = {
			isa = PBXGroup;
			children = (
				553E8E2C209751D9000CC8EE /* HomeVC.swift */,
			);
			path = Controller;
			sourceTree = "<group>";
		};
/* End PBXGroup section */

/* Begin PBXNativeTarget section */
		553E8E26209751D9000CC8EE /* Wort des Lebens */ = {
			isa = PBXNativeTarget;
			buildConfigurationList = 553E8E39209751DA000CC8EE /* Build configuration list for PBXNativeTarget "Wort des Lebens" */;
			buildPhases = (
				553E8E23209751D9000CC8EE /* Sources */,
				553E8E24209751D9000CC8EE /* Frameworks */,
				553E8E25209751D9000CC8EE /* Resources */,
			);
			buildRules = (
			);
			dependencies = (
			);
			name = "Wort des Lebens";
			productName = "Wort des Lebens";
			productReference = 553E8E27209751D9000CC8EE /* Wort des Lebens.app */;
			productType = "com.apple.product-type.application";
		};
/* End PBXNativeTarget section */

/* Begin PBXProject section */
		553E8E1F209751D9000CC8EE /* Project object */ = {
			isa = PBXProject;
			attributes = {
				LastSwiftUpdateCheck = 0930;
				LastUpgradeCheck = 0930;
				ORGANIZATIONNAME = henryMemorize;
				TargetAttributes = {
					553E8E26209751D9000CC8EE = {
						CreatedOnToolsVersion = 9.3;
					};
				};
			};
			buildConfigurationList = 553E8E22209751D9000CC8EE /* Build configuration list for PBXProject "Wort des Lebens" */;
			compatibilityVersion = "Xcode 9.3";
			developmentRegion = en;
			hasScannedForEncodings = 0;
			knownRegions = (
				en,
				Base,
			);
			mainGroup = 553E8E1E209751D9000CC8EE;
			productRefGroup = 553E8E28209751D9000CC8EE /* Products */;
			projectDirPath = "";
			projectRoot = "";
			targets = (
				553E8E26209751D9000CC8EE /* Wort des Lebens */,
			);
		};
/* End PBXProject section */

/* Begin PBXResourcesBuildPhase section */
		553E8E25209751D9000CC8EE /* Resources */ = {
			isa = PBXResourcesBuildPhase;
			buildActionMask = 2147483647;
			files = (
				553E8E35209751DA000CC8EE /* LaunchScreen.storyboard in Resources */,
				553E8E32209751DA000CC8EE /* Assets.xcassets in Resources */,
			);
			runOnlyForDeploymentPostprocessing = 0;
		};
/* End PBXResourcesBuildPhase section */

/* Begin PBXSourcesBuildPhase section */
		553E8E23209751D9000CC8EE /* Sources */ = {
			isa = PBXSourcesBuildPhase;
			buildActionMask = 2147483647;
			files = (
				553E8E2D209751D9000CC8EE /* HomeVC.swift in Sources */,
				553E8E2B209751D9000CC8EE /* AppDelegate.swift in Sources */,
			);
			runOnlyForDeploymentPostprocessing = 0;
		};
/* End PBXSourcesBuildPhase section */

/* Begin PBXVariantGroup section */
		553E8E33209751DA000CC8EE /* LaunchScreen.storyboard */ = {
			isa = PBXVariantGroup;
			children = (
				553E8E34209751DA000CC8EE /* Base */,
			);
			name = LaunchScreen.storyboard;
			sourceTree = "<group>";
		};
/* End PBXVariantGroup section */

/* Begin XCBuildConfiguration section */
		553E8E37209751DA000CC8EE /* Debug */ = {
			isa = XCBuildConfiguration;
			buildSettings = {
				ALWAYS_SEARCH_USER_PATHS = NO;
				CLANG_ANALYZER_NONNULL = YES;
				CLANG_ANALYZER_NUMBER_OBJECT_CONVERSION = YES_AGGRESSIVE;
				CLANG_CXX_LANGUAGE_STANDARD = "gnu++14";
				CLANG_CXX_LIBRARY = "libc++";
				CLANG_ENABLE_MODULES = YES;
				CLANG_ENABLE_OBJC_ARC = YES;
				CLANG_ENABLE_OBJC_WEAK = YES;
				CLANG_WARN_BLOCK_CAPTURE_AUTORELEASING = YES;
				CLANG_WARN_BOOL_CONVERSION = YES;
				CLANG_WARN_COMMA = YES;
				CLANG_WARN_CONSTANT_CONVERSION = YES;
				CLANG_WARN_DEPRECATED_OBJC_IMPLEMENTATIONS = YES;
				CLANG_WARN_DIRECT_OBJC_ISA_USAGE = YES_ERROR;
				CLANG_WARN_DOCUMENTATION_COMMENTS = YES;
				CLANG_WARN_EMPTY_BODY = YES;
				CLANG_WARN_ENUM_CONVERSION = YES;
				CLANG_WARN_INFINITE_RECURSION = YES;
				CLANG_WARN_INT_CONVERSION = YES;
				CLANG_WARN_NON_LITERAL_NULL_CONVERSION = YES;
				CLANG_WARN_OBJC_IMPLICIT_RETAIN_SELF = YES;
				CLANG_WARN_OBJC_LITERAL_CONVERSION = YES;
				CLANG_WARN_OBJC_ROOT_CLASS = YES_ERROR;
				CLANG_WARN_RANGE_LOOP_ANALYSIS = YES;
				CLANG_WARN_STRICT_PROTOTYPES = YES;
				CLANG_WARN_SUSPICIOUS_MOVE = YES;
				CLANG_WARN_UNGUARDED_AVAILABILITY = YES_AGGRESSIVE;
				CLANG_WARN_UNREACHABLE_CODE = YES;
				CLANG_WARN__DUPLICATE_METHOD_MATCH = YES;
				CODE_SIGN_IDENTITY = "iPhone Developer";
				COPY_PHASE_STRIP = NO;
				DEBUG_INFORMATION_FORMAT = dwarf;
				ENABLE_STRICT_OBJC_MSGSEND = YES;
				ENABLE_TESTABILITY = YES;
				GCC_C_LANGUAGE_STANDARD = gnu11;
				GCC_DYNAMIC_NO_PIC = NO;
				GCC_NO_COMMON_BLOCKS = YES;
				GCC_OPTIMIZATION_LEVEL = 0;
				GCC_PREPROCESSOR_DEFINITIONS = (
					"DEBUG=1",
					"$(inherited)",
				);
				GCC_WARN_64_TO_32_BIT_CONVERSION = YES;
				GCC_WARN_ABOUT_RETURN_TYPE = YES_ERROR;
				GCC_WARN_UNDECLARED_SELECTOR = YES;
				GCC_WARN_UNINITIALIZED_AUTOS = YES_AGGRESSIVE;
				GCC_WARN_UNUSED_FUNCTION = YES;
				GCC_WARN_UNUSED_VARIABLE = YES;
				IPHONEOS_DEPLOYMENT_TARGET = 11.3;
				MTL_ENABLE_DEBUG_INFO = YES;
				ONLY_ACTIVE_ARCH = YES;
				SDKROOT = iphoneos;
				SWIFT_ACTIVE_COMPILATION_CONDITIONS = DEBUG;
				SWIFT_OPTIMIZATION_LEVEL = "-Onone";
			};
			name = Debug;
		};
		553E8E38209751DA000CC8EE /* Release */ = {
			isa = XCBuildConfiguration;
			buildSettings = {
				ALWAYS_SEARCH_USER_PATHS = NO;
				CLANG_ANALYZER_NONNULL = YES;
				CLANG_ANALYZER_NUMBER_OBJECT_CONVERSION = YES_AGGRESSIVE;
				CLANG_CXX_LANGUAGE_STANDARD = "gnu++14";
				CLANG_CXX_LIBRARY = "libc++";
				CLANG_ENABLE_MODULES = YES;
				CLANG_ENABLE_OBJC_ARC = YES;
				CLANG_ENABLE_OBJC_WEAK = YES;
				CLANG_WARN_BLOCK_CAPTURE_AUTORELEASING = YES;
				CLANG_WARN_BOOL_CONVERSION = YES;
				CLANG_WARN_COMMA = YES;
				CLANG_WARN_CONSTANT_CONVERSION = YES;
				CLANG_WARN_DEPRECATED_OBJC_IMPLEMENTATIONS = YES;
				CLANG_WARN_DIRECT_OBJC_ISA_USAGE = YES_ERROR;
				CLANG_WARN_DOCUMENTATION_COMMENTS = YES;
				CLANG_WARN_EMPTY_BODY = YES;
				CLANG_WARN_ENUM_CONVERSION = YES;
				CLANG_WARN_INFINITE_RECURSION = YES;
				CLANG_WARN_INT_CONVERSION = YES;
				CLANG_WARN_NON_LITERAL_NULL_CONVERSION = YES;
				CLANG_WARN_OBJC_IMPLICIT_RETAIN_SELF = YES;
				CLANG_WARN_OBJC_LITERAL_CONVERSION = YES;
				CLANG_WARN_OBJC_ROOT_CLASS = YES_ERROR;
				CLANG_WARN_RANGE_LOOP_ANALYSIS = YES;
				CLANG_WARN_STRICT_PROTOTYPES = YES;
				CLANG_WARN_SUSPICIOUS_MOVE = YES;
				CLANG_WARN_UNGUARDED_AVAILABILITY = YES_AGGRESSIVE;
				CLANG_WARN_UNREACHABLE_CODE = YES;
				CLANG_WARN__DUPLICATE_METHOD_MATCH = YES;
				CODE_SIGN_IDENTITY = "iPhone Developer";
				COPY_PHASE_STRIP = NO;
				DEBUG_INFORMATION_FORMAT = "dwarf-with-dsym";
				ENABLE_NS_ASSERTIONS = NO;
				ENABLE_STRICT_OBJC_MSGSEND = YES;
				GCC_C_LANGUAGE_STANDARD = gnu11;
				GCC_NO_COMMON_BLOCKS = YES;
				GCC_WARN_64_TO_32_BIT_CONVERSION = YES;
				GCC_WARN_ABOUT_RETURN_TYPE = YES_ERROR;
				GCC_WARN_UNDECLARED_SELECTOR = YES;
				GCC_WARN_UNINITIALIZED_AUTOS = YES_AGGRESSIVE;
				GCC_WARN_UNUSED_FUNCTION = YES;
				GCC_WARN_UNUSED_VARIABLE = YES;
				IPHONEOS_DEPLOYMENT_TARGET = 11.3;
				MTL_ENABLE_DEBUG_INFO = NO;
				SDKROOT = iphoneos;
				SWIFT_COMPILATION_MODE = wholemodule;
				SWIFT_OPTIMIZATION_LEVEL = "-O";
				VALIDATE_PRODUCT = YES;
			};
			name = Release;
		};
		553E8E3A209751DA000CC8EE /* Debug */ = {
			isa = XCBuildConfiguration;
			buildSettings = {
				ASSETCATALOG_COMPILER_APPICON_NAME = AppIcon;
				CODE_SIGN_STYLE = Automatic;
				DEVELOPMENT_TEAM = MCKUG6LVYX;
				INFOPLIST_FILE = "Wort des Lebens/Info.plist";
				LD_RUNPATH_SEARCH_PATHS = (
					"$(inherited)",
					"@executable_path/Frameworks",
				);
				PRODUCT_BUNDLE_IDENTIFIER = "henryMemorize.Wort-des-Lebens";
				PRODUCT_NAME = "$(TARGET_NAME)";
				SWIFT_VERSION = 4.0;
				TARGETED_DEVICE_FAMILY = "1,2";
			};
			name = Debug;
		};
		553E8E3B209751DA000CC8EE /* Release */ = {
			isa = XCBuildConfiguration;
			buildSettings = {
				ASSETCATALOG_COMPILER_APPICON_NAME = AppIcon;
				CODE_SIGN_STYLE = Automatic;
				DEVELOPMENT_TEAM = MCKUG6LVYX;
				INFOPLIST_FILE = "Wort des Lebens/Info.plist";
				LD_RUNPATH_SEARCH_PATHS = (
					"$(inherited)",
					"@executable_path/Frameworks",
				);
				PRODUCT_BUNDLE_IDENTIFIER = "henryMemorize.Wort-des-Lebens";
				PRODUCT_NAME = "$(TARGET_NAME)";
				SWIFT_VERSION = 4.0;
				TARGETED_DEVICE_FAMILY = "1,2";
			};
			name = Release;
		};
/* End XCBuildConfiguration section */

/* Begin XCConfigurationList section */
		553E8E22209751D9000CC8EE /* Build configuration list for PBXProject "Wort des Lebens" */ = {
			isa = XCConfigurationList;
			buildConfigurations = (
				553E8E37209751DA000CC8EE /* Debug */,
				553E8E38209751DA000CC8EE /* Release */,
			);
			defaultConfigurationIsVisible = 0;
			defaultConfigurationName = Release;
		};
		553E8E39209751DA000CC8EE /* Build configuration list for PBXNativeTarget "Wort des Lebens" */ = {
			isa = XCConfigurationList;
			buildConfigurations = (
				553E8E3A209751DA000CC8EE /* Debug */,
				553E8E3B209751DA000CC8EE /* Release */,
			);
			defaultConfigurationIsVisible = 0;
			defaultConfigurationName = Release;
		};
/* End XCConfigurationList section */
	};
	rootObject = 553E8E1F209751D9000CC8EE /* Project object */;
}
